
Microsoft Visual Studio Solution File, Format Version 12.00
# Visual Studio Version 17
VisualStudioVersion = 17.5.33627.172
MinimumVisualStudioVersion = 10.0.40219.1
Project("{2150E333-8FDC-42A3-9474-1A3956D46DE8}") = "Solution Items", "Solution Items", "{4130D21C-FE8F-4925-93E7-217B4AF1B7D9}"
	ProjectSection(SolutionItems) = preProject
		..\doc\changelog.md = ..\doc\changelog.md
		..\readme.md = ..\readme.md
		UniversalBFF.AspHost.nuspec = UniversalBFF.AspHost.nuspec
		UniversalBFF.ModuleContract.nuspec = UniversalBFF.ModuleContract.nuspec
		UniversalBFF.OobModules.Diagnostics.nuspec = UniversalBFF.OobModules.Diagnostics.nuspec
		UniversalBFF.OobModules.FileStore.nuspec = UniversalBFF.OobModules.FileStore.nuspec
		UniversalBFF.OobModules.UserManagement.nuspec = UniversalBFF.OobModules.UserManagement.nuspec
	EndProjectSection
EndProject
Project("{2150E333-8FDC-42A3-9474-1A3956D46DE8}") = "src", "src", "{EFB5135D-039A-4D92-8FDD-9EA5D070F991}"
EndProject
Project("{2150E333-8FDC-42A3-9474-1A3956D46DE8}") = "test", "test", "{C5272353-539E-4138-93FD-9DF437F6DA47}"
EndProject
Project("{2150E333-8FDC-42A3-9474-1A3956D46DE8}") = "targets", "targets", "{ADA576B9-92C4-4C75-9605-06023D1026B2}"
EndProject
Project("{D954291E-2A0B-460D-934E-DC6B0785DB48}") = "UniversalBFF.ModuleContract", "src\UniversalBFF.ModuleContract\UniversalBFF.ModuleContract.shproj", "{CF0A161A-99BA-4F01-AF5E-16C6FCBC95AE}"
EndProject
Project("{D954291E-2A0B-460D-934E-DC6B0785DB48}") = "UniversalBFF", "src\UniversalBFF\UniversalBFF.shproj", "{BA65A92B-FC92-4503-A597-54516134AE54}"
EndProject
Project("{2150E333-8FDC-42A3-9474-1A3956D46DE8}") = "OobModules", "OobModules", "{138991C3-1724-4FAA-B3D3-80181B087F67}"
EndProject
Project("{FAE04EC0-301F-11D3-BF4B-00C04F79EFBC}") = "UniversalBFF.OobModules.FileStore", "src\UniversalBFF.OobModules.FileStore\UniversalBFF.OobModules.FileStore.csproj", "{B03980AB-9AFB-4F19-A06B-2B5A07B64E9C}"
EndProject
Project("{FAE04EC0-301F-11D3-BF4B-00C04F79EFBC}") = "UniversalBFF.OobModules.Diagnostics", "src\UniversalBFF.OobModules.Diagnostics\UniversalBFF.OobModules.Diagnostics.csproj", "{2A938DD5-2551-402F-8412-DA399F65BE84}"
EndProject
Project("{FAE04EC0-301F-11D3-BF4B-00C04F79EFBC}") = "UniversalBFF.OobModules.UserManagement", "src\UniversalBFF.OobModules.UserManagement\UniversalBFF.OobModules.UserManagement.csproj", "{BFF817C4-479E-4C77-9AED-D64F90F41C4B}"
EndProject
Project("{2150E333-8FDC-42A3-9474-1A3956D46DE8}") = "(Modeling)", "(Modeling)", "{F245AE81-551C-4910-ACDE-CE03505E7BAA}"
EndProject
Project("{FAE04EC0-301F-11D3-BF4B-00C04F79EFBC}") = "UniversalBFF.OobModules.Edmx", "src\UniversalBFF.OobModules.Edmx\UniversalBFF.OobModules.Edmx.csproj", "{827BDD27-C32B-4BB4-B6E4-6914C953AE2D}"
EndProject
Project("{FAE04EC0-301F-11D3-BF4B-00C04F79EFBC}") = "UniversalBFF.ModuleContract.net8.0", "src\UniversalBFF.ModuleContract.net8.0\UniversalBFF.ModuleContract.net8.0.csproj", "{4E58D428-2324-AE10-8D50-1AB0EF463F96}"
EndProject
Project("{FAE04EC0-301F-11D3-BF4B-00C04F79EFBC}") = "UniversalBFF.net8.0", "src\UniversalBFF.net8.0\UniversalBFF.net8.0.csproj", "{C413C20D-2A22-6433-9722-68315D5F16A9}"
EndProject
Project("{FAE04EC0-301F-11D3-BF4B-00C04F79EFBC}") = "UniversalBFF.OobModules.ModuleManager", "src\UniversalBFF.OobModules.ModuleManager\UniversalBFF.OobModules.ModuleManager.csproj", "{58BC2CD4-0B34-2971-DC2B-B4CFA245043E}"
EndProject
Project("{FAE04EC0-301F-11D3-BF4B-00C04F79EFBC}") = "UniversalBFF.Tests", "test\UniversalBFF.Tests\UniversalBFF.Tests.csproj", "{30E6DC8F-02DD-7ED8-CBEA-A3D2E0DEF992}"
EndProject
Project("{FAE04EC0-301F-11D3-BF4B-00C04F79EFBC}") = "UniversalBFF.ModuleContract.net10.0", "src\UniversalBFF.ModuleContract.net10.0\UniversalBFF.ModuleContract.net10.0.csproj", "{A2CE9C1F-B165-1137-B2DC-D42B2F5A516C}"
EndProject
Project("{FAE04EC0-301F-11D3-BF4B-00C04F79EFBC}") = "UniversalBFF.net10.0", "src\UniversalBFF.net10.0\UniversalBFF.net10.0.csproj", "{7171C87E-B38E-8406-1727-E8779E7BB6E4}"
EndProject
Project("{FAE04EC0-301F-11D3-BF4B-00C04F79EFBC}") = "UniversalBFF.AspHost.net10.0", "src\UniversalBFF.AspHost.net10.0\UniversalBFF.AspHost.net10.0.csproj", "{62F94671-100C-AFE1-1BA8-888AC8D9997E}"
	ProjectSection(ProjectDependencies) = postProject
		{2A938DD5-2551-402F-8412-DA399F65BE84} = {2A938DD5-2551-402F-8412-DA399F65BE84}
		{58BC2CD4-0B34-2971-DC2B-B4CFA245043E} = {58BC2CD4-0B34-2971-DC2B-B4CFA245043E}
		{697B91B0-D347-C185-C8EB-176CD2B86F2F} = {697B91B0-D347-C185-C8EB-176CD2B86F2F}
		{B03980AB-9AFB-4F19-A06B-2B5A07B64E9C} = {B03980AB-9AFB-4F19-A06B-2B5A07B64E9C}
		{BFF817C4-479E-4C77-9AED-D64F90F41C4B} = {BFF817C4-479E-4C77-9AED-D64F90F41C4B}
	EndProjectSection
EndProject
Project("{FAE04EC0-301F-11D3-BF4B-00C04F79EFBC}") = "UniversalBFF.AspHost.net8.0", "src\UniversalBFF.AspHost.net8.0\UniversalBFF.AspHost.net8.0.csproj", "{81750D14-FF90-6F1E-A8FC-5357ADCDA5B5}"
	ProjectSection(ProjectDependencies) = postProject
		{001DDF4A-E47D-A9E5-72D8-C4A0081F6647} = {001DDF4A-E47D-A9E5-72D8-C4A0081F6647}
		{2A938DD5-2551-402F-8412-DA399F65BE84} = {2A938DD5-2551-402F-8412-DA399F65BE84}
		{58BC2CD4-0B34-2971-DC2B-B4CFA245043E} = {58BC2CD4-0B34-2971-DC2B-B4CFA245043E}
		{B03980AB-9AFB-4F19-A06B-2B5A07B64E9C} = {B03980AB-9AFB-4F19-A06B-2B5A07B64E9C}
		{BFF817C4-479E-4C77-9AED-D64F90F41C4B} = {BFF817C4-479E-4C77-9AED-D64F90F41C4B}
	EndProjectSection
EndProject
Project("{FAE04EC0-301F-11D3-BF4B-00C04F79EFBC}") = "UniversalBFF.WebViewHost.net10.0", "src\UniversalBFF.WebViewHost.net10.0\UniversalBFF.WebViewHost.net10.0.csproj", "{F9EC9BED-D105-F222-BDE4-979B39DA1D71}"
	ProjectSection(ProjectDependencies) = postProject
		{2A938DD5-2551-402F-8412-DA399F65BE84} = {2A938DD5-2551-402F-8412-DA399F65BE84}
		{58BC2CD4-0B34-2971-DC2B-B4CFA245043E} = {58BC2CD4-0B34-2971-DC2B-B4CFA245043E}
		{697B91B0-D347-C185-C8EB-176CD2B86F2F} = {697B91B0-D347-C185-C8EB-176CD2B86F2F}
		{B03980AB-9AFB-4F19-A06B-2B5A07B64E9C} = {B03980AB-9AFB-4F19-A06B-2B5A07B64E9C}
		{BFF817C4-479E-4C77-9AED-D64F90F41C4B} = {BFF817C4-479E-4C77-9AED-D64F90F41C4B}
	EndProjectSection
EndProject
Project("{D954291E-2A0B-460D-934E-DC6B0785DB48}") = "UniversalBFF.AspNetCore", "src\UniversalBFF.AspNetCore\UniversalBFF.AspNetCore.shproj", "{DE3E7E10-0D12-4E62-AD49-CD7E7D50C795}"
EndProject
Project("{FAE04EC0-301F-11D3-BF4B-00C04F79EFBC}") = "UniversalBFF.AspNetCore.net8.0", "src\UniversalBFF.AspNetCore.net8.0\UniversalBFF.AspNetCore.net8.0.csproj", "{001DDF4A-E47D-A9E5-72D8-C4A0081F6647}"
EndProject
Project("{FAE04EC0-301F-11D3-BF4B-00C04F79EFBC}") = "UniversalBFF.AspNetCore.net10.0", "src\UniversalBFF.AspNetCore.net10.0\UniversalBFF.AspNetCore.net10.0.csproj", "{697B91B0-D347-C185-C8EB-176CD2B86F2F}"
EndProject
Project("{2150E333-8FDC-42A3-9474-1A3956D46DE8}") = "hosts", "hosts", "{02EA681E-C7D8-13C7-8484-4AC65E1B71E8}"
EndProject
Global
	GlobalSection(SolutionConfigurationPlatforms) = preSolution
		Debug|Any CPU = Debug|Any CPU
		Release|Any CPU = Release|Any CPU
	EndGlobalSection
	GlobalSection(ProjectConfigurationPlatforms) = postSolution
		{B03980AB-9AFB-4F19-A06B-2B5A07B64E9C}.Debug|Any CPU.ActiveCfg = Debug|Any CPU
		{B03980AB-9AFB-4F19-A06B-2B5A07B64E9C}.Debug|Any CPU.Build.0 = Debug|Any CPU
		{B03980AB-9AFB-4F19-A06B-2B5A07B64E9C}.Release|Any CPU.ActiveCfg = Release|Any CPU
		{B03980AB-9AFB-4F19-A06B-2B5A07B64E9C}.Release|Any CPU.Build.0 = Release|Any CPU
		{2A938DD5-2551-402F-8412-DA399F65BE84}.Debug|Any CPU.ActiveCfg = Debug|Any CPU
		{2A938DD5-2551-402F-8412-DA399F65BE84}.Debug|Any CPU.Build.0 = Debug|Any CPU
		{2A938DD5-2551-402F-8412-DA399F65BE84}.Release|Any CPU.ActiveCfg = Release|Any CPU
		{2A938DD5-2551-402F-8412-DA399F65BE84}.Release|Any CPU.Build.0 = Release|Any CPU
		{BFF817C4-479E-4C77-9AED-D64F90F41C4B}.Debug|Any CPU.ActiveCfg = Debug|Any CPU
		{BFF817C4-479E-4C77-9AED-D64F90F41C4B}.Debug|Any CPU.Build.0 = Debug|Any CPU
		{BFF817C4-479E-4C77-9AED-D64F90F41C4B}.Release|Any CPU.ActiveCfg = Release|Any CPU
		{BFF817C4-479E-4C77-9AED-D64F90F41C4B}.Release|Any CPU.Build.0 = Release|Any CPU
		{827BDD27-C32B-4BB4-B6E4-6914C953AE2D}.Debug|Any CPU.ActiveCfg = Debug|Any CPU
		{827BDD27-C32B-4BB4-B6E4-6914C953AE2D}.Release|Any CPU.ActiveCfg = Release|Any CPU
		{4E58D428-2324-AE10-8D50-1AB0EF463F96}.Debug|Any CPU.ActiveCfg = Debug|Any CPU
		{4E58D428-2324-AE10-8D50-1AB0EF463F96}.Debug|Any CPU.Build.0 = Debug|Any CPU
		{4E58D428-2324-AE10-8D50-1AB0EF463F96}.Release|Any CPU.ActiveCfg = Release|Any CPU
		{4E58D428-2324-AE10-8D50-1AB0EF463F96}.Release|Any CPU.Build.0 = Release|Any CPU
		{C413C20D-2A22-6433-9722-68315D5F16A9}.Debug|Any CPU.ActiveCfg = Debug|Any CPU
		{C413C20D-2A22-6433-9722-68315D5F16A9}.Debug|Any CPU.Build.0 = Debug|Any CPU
		{C413C20D-2A22-6433-9722-68315D5F16A9}.Release|Any CPU.ActiveCfg = Release|Any CPU
		{C413C20D-2A22-6433-9722-68315D5F16A9}.Release|Any CPU.Build.0 = Release|Any CPU
		{58BC2CD4-0B34-2971-DC2B-B4CFA245043E}.Debug|Any CPU.ActiveCfg = Debug|Any CPU
		{58BC2CD4-0B34-2971-DC2B-B4CFA245043E}.Debug|Any CPU.Build.0 = Debug|Any CPU
		{58BC2CD4-0B34-2971-DC2B-B4CFA245043E}.Release|Any CPU.ActiveCfg = Release|Any CPU
		{58BC2CD4-0B34-2971-DC2B-B4CFA245043E}.Release|Any CPU.Build.0 = Release|Any CPU
		{30E6DC8F-02DD-7ED8-CBEA-A3D2E0DEF992}.Debug|Any CPU.ActiveCfg = Debug|Any CPU
		{30E6DC8F-02DD-7ED8-CBEA-A3D2E0DEF992}.Debug|Any CPU.Build.0 = Debug|Any CPU
		{30E6DC8F-02DD-7ED8-CBEA-A3D2E0DEF992}.Release|Any CPU.ActiveCfg = Release|Any CPU
		{30E6DC8F-02DD-7ED8-CBEA-A3D2E0DEF992}.Release|Any CPU.Build.0 = Release|Any CPU
		{A2CE9C1F-B165-1137-B2DC-D42B2F5A516C}.Debug|Any CPU.ActiveCfg = Debug|Any CPU
		{A2CE9C1F-B165-1137-B2DC-D42B2F5A516C}.Debug|Any CPU.Build.0 = Debug|Any CPU
		{A2CE9C1F-B165-1137-B2DC-D42B2F5A516C}.Release|Any CPU.ActiveCfg = Release|Any CPU
		{A2CE9C1F-B165-1137-B2DC-D42B2F5A516C}.Release|Any CPU.Build.0 = Release|Any CPU
		{7171C87E-B38E-8406-1727-E8779E7BB6E4}.Debug|Any CPU.ActiveCfg = Debug|Any CPU
		{7171C87E-B38E-8406-1727-E8779E7BB6E4}.Debug|Any CPU.Build.0 = Debug|Any CPU
		{7171C87E-B38E-8406-1727-E8779E7BB6E4}.Release|Any CPU.ActiveCfg = Release|Any CPU
		{7171C87E-B38E-8406-1727-E8779E7BB6E4}.Release|Any CPU.Build.0 = Release|Any CPU
		{62F94671-100C-AFE1-1BA8-888AC8D9997E}.Debug|Any CPU.ActiveCfg = Debug|Any CPU
		{62F94671-100C-AFE1-1BA8-888AC8D9997E}.Debug|Any CPU.Build.0 = Debug|Any CPU
		{62F94671-100C-AFE1-1BA8-888AC8D9997E}.Release|Any CPU.ActiveCfg = Release|Any CPU
		{62F94671-100C-AFE1-1BA8-888AC8D9997E}.Release|Any CPU.Build.0 = Release|Any CPU
		{81750D14-FF90-6F1E-A8FC-5357ADCDA5B5}.Debug|Any CPU.ActiveCfg = Debug|Any CPU
		{81750D14-FF90-6F1E-A8FC-5357ADCDA5B5}.Debug|Any CPU.Build.0 = Debug|Any CPU
		{81750D14-FF90-6F1E-A8FC-5357ADCDA5B5}.Release|Any CPU.ActiveCfg = Release|Any CPU
		{81750D14-FF90-6F1E-A8FC-5357ADCDA5B5}.Release|Any CPU.Build.0 = Release|Any CPU
		{F9EC9BED-D105-F222-BDE4-979B39DA1D71}.Debug|Any CPU.ActiveCfg = Debug|x64
		{F9EC9BED-D105-F222-BDE4-979B39DA1D71}.Debug|Any CPU.Build.0 = Debug|x64
		{F9EC9BED-D105-F222-BDE4-979B39DA1D71}.Release|Any CPU.ActiveCfg = Release|x64
		{F9EC9BED-D105-F222-BDE4-979B39DA1D71}.Release|Any CPU.Build.0 = Release|x64
		{001DDF4A-E47D-A9E5-72D8-C4A0081F6647}.Debug|Any CPU.ActiveCfg = Debug|Any CPU
		{001DDF4A-E47D-A9E5-72D8-C4A0081F6647}.Debug|Any CPU.Build.0 = Debug|Any CPU
		{001DDF4A-E47D-A9E5-72D8-C4A0081F6647}.Release|Any CPU.ActiveCfg = Release|Any CPU
		{001DDF4A-E47D-A9E5-72D8-C4A0081F6647}.Release|Any CPU.Build.0 = Release|Any CPU
		{697B91B0-D347-C185-C8EB-176CD2B86F2F}.Debug|Any CPU.ActiveCfg = Debug|Any CPU
		{697B91B0-D347-C185-C8EB-176CD2B86F2F}.Debug|Any CPU.Build.0 = Debug|Any CPU
		{697B91B0-D347-C185-C8EB-176CD2B86F2F}.Release|Any CPU.ActiveCfg = Release|Any CPU
		{697B91B0-D347-C185-C8EB-176CD2B86F2F}.Release|Any CPU.Build.0 = Release|Any CPU
	EndGlobalSection
	GlobalSection(SolutionProperties) = preSolution
		HideSolutionNode = FALSE
	EndGlobalSection
	GlobalSection(NestedProjects) = preSolution
		{ADA576B9-92C4-4C75-9605-06023D1026B2} = {EFB5135D-039A-4D92-8FDD-9EA5D070F991}
		{CF0A161A-99BA-4F01-AF5E-16C6FCBC95AE} = {EFB5135D-039A-4D92-8FDD-9EA5D070F991}
		{BA65A92B-FC92-4503-A597-54516134AE54} = {EFB5135D-039A-4D92-8FDD-9EA5D070F991}
		{B03980AB-9AFB-4F19-A06B-2B5A07B64E9C} = {138991C3-1724-4FAA-B3D3-80181B087F67}
		{2A938DD5-2551-402F-8412-DA399F65BE84} = {138991C3-1724-4FAA-B3D3-80181B087F67}
		{BFF817C4-479E-4C77-9AED-D64F90F41C4B} = {138991C3-1724-4FAA-B3D3-80181B087F67}
		{F245AE81-551C-4910-ACDE-CE03505E7BAA} = {138991C3-1724-4FAA-B3D3-80181B087F67}
		{827BDD27-C32B-4BB4-B6E4-6914C953AE2D} = {F245AE81-551C-4910-ACDE-CE03505E7BAA}
		{4E58D428-2324-AE10-8D50-1AB0EF463F96} = {ADA576B9-92C4-4C75-9605-06023D1026B2}
		{C413C20D-2A22-6433-9722-68315D5F16A9} = {ADA576B9-92C4-4C75-9605-06023D1026B2}
		{58BC2CD4-0B34-2971-DC2B-B4CFA245043E} = {138991C3-1724-4FAA-B3D3-80181B087F67}
		{30E6DC8F-02DD-7ED8-CBEA-A3D2E0DEF992} = {C5272353-539E-4138-93FD-9DF437F6DA47}
		{A2CE9C1F-B165-1137-B2DC-D42B2F5A516C} = {ADA576B9-92C4-4C75-9605-06023D1026B2}
		{7171C87E-B38E-8406-1727-E8779E7BB6E4} = {ADA576B9-92C4-4C75-9605-06023D1026B2}
		{62F94671-100C-AFE1-1BA8-888AC8D9997E} = {02EA681E-C7D8-13C7-8484-4AC65E1B71E8}
		{81750D14-FF90-6F1E-A8FC-5357ADCDA5B5} = {02EA681E-C7D8-13C7-8484-4AC65E1B71E8}
		{F9EC9BED-D105-F222-BDE4-979B39DA1D71} = {02EA681E-C7D8-13C7-8484-4AC65E1B71E8}
		{DE3E7E10-0D12-4E62-AD49-CD7E7D50C795} = {EFB5135D-039A-4D92-8FDD-9EA5D070F991}
		{001DDF4A-E47D-A9E5-72D8-C4A0081F6647} = {ADA576B9-92C4-4C75-9605-06023D1026B2}
		{697B91B0-D347-C185-C8EB-176CD2B86F2F} = {ADA576B9-92C4-4C75-9605-06023D1026B2}
		{02EA681E-C7D8-13C7-8484-4AC65E1B71E8} = {EFB5135D-039A-4D92-8FDD-9EA5D070F991}
	EndGlobalSection
	GlobalSection(ExtensibilityGlobals) = postSolution
		SolutionGuid = {D2F37C1D-32F0-4BF2-AAEB-46B9D8C07D23}
	EndGlobalSection
	GlobalSection(SharedMSBuildProjectFiles) = preSolution
		src\UniversalBFF.AspNetCore\UniversalBFF.AspNetCore.projitems*{001ddf4a-e47d-a9e5-72d8-c4a0081f6647}*SharedItemsImports = 5
		src\UniversalBFF.ModuleContract\UniversalBFF.ModuleContract.projitems*{4e58d428-2324-ae10-8d50-1ab0ef463f96}*SharedItemsImports = 5
		src\UniversalBFF.AspNetCore\UniversalBFF.AspNetCore.projitems*{62f94671-100c-afe1-1ba8-888ac8d9997e}*SharedItemsImports = 5
		src\UniversalBFF.AspNetCore\UniversalBFF.AspNetCore.projitems*{697b91b0-d347-c185-c8eb-176cd2b86f2f}*SharedItemsImports = 5
		src\UniversalBFF\UniversalBFF.projitems*{7171c87e-b38e-8406-1727-e8779e7bb6e4}*SharedItemsImports = 5
		src\UniversalBFF.AspNetCore\UniversalBFF.AspNetCore.projitems*{81750d14-ff90-6f1e-a8fc-5357adcda5b5}*SharedItemsImports = 5
		src\UniversalBFF.ModuleContract\UniversalBFF.ModuleContract.projitems*{a2ce9c1f-b165-1137-b2dc-d42b2f5a516c}*SharedItemsImports = 5
		src\UniversalBFF\UniversalBFF.projitems*{ba65a92b-fc92-4503-a597-54516134ae54}*SharedItemsImports = 13
		src\UniversalBFF\UniversalBFF.projitems*{c413c20d-2a22-6433-9722-68315d5f16a9}*SharedItemsImports = 5
		src\UniversalBFF.ModuleContract\UniversalBFF.ModuleContract.projitems*{cf0a161a-99ba-4f01-af5e-16c6fcbc95ae}*SharedItemsImports = 13
		src\UniversalBFF.AspNetCore\UniversalBFF.AspNetCore.projitems*{de3e7e10-0d12-4e62-ad49-cd7e7d50c795}*SharedItemsImports = 13
		src\UniversalBFF.AspNetCore\UniversalBFF.AspNetCore.projitems*{f9ec9bed-d105-f222-bde4-979b39da1d71}*SharedItemsImports = 5
	EndGlobalSection
EndGlobal
